// !$*UTF8*$!
{
	archiveVersion = 1;
	classes = {
	};
	objectVersion = 46;
	objects = {

/* Begin PBXBuildFile section */
		3F4CBC3E1D4CE6D2009B8D42 /* MJAppInfo.m in Sources */ = {isa = PBXBuildFile; fileRef = 3F4CBC3D1D4CE6D2009B8D42 /* MJAppInfo.m */; };
		3F8820B51D4CDD6F00F50D2B /* main.m in Sources */ = {isa = PBXBuildFile; fileRef = 3F8820B41D4CDD6F00F50D2B /* main.m */; };
		3F8820B81D4CDD6F00F50D2B /* AppDelegate.m in Sources */ = {isa = PBXBuildFile; fileRef = 3F8820B71D4CDD6F00F50D2B /* AppDelegate.m */; };
		3F8820BB1D4CDD6F00F50D2B /* ViewController.m in Sources */ = {isa = PBXBuildFile; fileRef = 3F8820BA1D4CDD6F00F50D2B /* ViewController.m */; };
		3F8820BE1D4CDD6F00F50D2B /* Main.storyboard in Resources */ = {isa = PBXBuildFile; fileRef = 3F8820BC1D4CDD6F00F50D2B /* Main.storyboard */; };
		3F8820C01D4CDD6F00F50D2B /* Assets.xcassets in Resources */ = {isa = PBXBuildFile; fileRef = 3F8820BF1D4CDD6F00F50D2B /* Assets.xcassets */; };
		3F8820C31D4CDD6F00F50D2B /* LaunchScreen.storyboard in Resources */ = {isa = PBXBuildFile; fileRef = 3F8820C11D4CDD6F00F50D2B /* LaunchScreen.storyboard */; };
		3F8820FE1D4CE22800F50D2B /* NSString+path.m in Sources */ = {isa = PBXBuildFile; fileRef = 3F8820CC1D4CE22800F50D2B /* NSString+path.m */; };
		3F8820FF1D4CE22800F50D2B /* AFHTTPSessionManager.m in Sources */ = {isa = PBXBuildFile; fileRef = 3F8820D01D4CE22800F50D2B /* AFHTTPSessionManager.m */; };
		3F8821001D4CE22800F50D2B /* AFNetworkReachabilityManager.m in Sources */ = {isa = PBXBuildFile; fileRef = 3F8820D31D4CE22800F50D2B /* AFNetworkReachabilityManager.m */; };
		3F8821011D4CE22800F50D2B /* AFSecurityPolicy.m in Sources */ = {isa = PBXBuildFile; fileRef = 3F8820D51D4CE22800F50D2B /* AFSecurityPolicy.m */; };
		3F8821021D4CE22800F50D2B /* AFURLRequestSerialization.m in Sources */ = {isa = PBXBuildFile; fileRef = 3F8820D71D4CE22800F50D2B /* AFURLRequestSerialization.m */; };
		3F8821031D4CE22800F50D2B /* AFURLResponseSerialization.m in Sources */ = {isa = PBXBuildFile; fileRef = 3F8820D91D4CE22800F50D2B /* AFURLResponseSerialization.m */; };
		3F8821041D4CE22800F50D2B /* AFURLSessionManager.m in Sources */ = {isa = PBXBuildFile; fileRef = 3F8820DB1D4CE22800F50D2B /* AFURLSessionManager.m */; };
		3F8821051D4CE22800F50D2B /* MKAnnotationView+WebCache.m in Sources */ = {isa = PBXBuildFile; fileRef = 3F8820DE1D4CE22800F50D2B /* MKAnnotationView+WebCache.m */; };
		3F8821061D4CE22800F50D2B /* NSData+ImageContentType.m in Sources */ = {isa = PBXBuildFile; fileRef = 3F8820E01D4CE22800F50D2B /* NSData+ImageContentType.m */; };
		3F8821071D4CE22800F50D2B /* SDImageCache.m in Sources */ = {isa = PBXBuildFile; fileRef = 3F8820E21D4CE22800F50D2B /* SDImageCache.m */; };
		3F8821081D4CE22800F50D2B /* SDWebImageCompat.m in Sources */ = {isa = PBXBuildFile; fileRef = 3F8820E41D4CE22800F50D2B /* SDWebImageCompat.m */; };
		3F8821091D4CE22800F50D2B /* SDWebImageDecoder.m in Sources */ = {isa = PBXBuildFile; fileRef = 3F8820E61D4CE22800F50D2B /* SDWebImageDecoder.m */; };
		3F88210A1D4CE22800F50D2B /* SDWebImageDownloader.m in Sources */ = {isa = PBXBuildFile; fileRef = 3F8820E81D4CE22800F50D2B /* SDWebImageDownloader.m */; };
		3F88210B1D4CE22800F50D2B /* SDWebImageDownloaderOperation.m in Sources */ = {isa = PBXBuildFile; fileRef = 3F8820EA1D4CE22800F50D2B /* SDWebImageDownloaderOperation.m */; };
		3F88210C1D4CE22800F50D2B /* SDWebImageManager.m in Sources */ = {isa = PBXBuildFile; fileRef = 3F8820EC1D4CE22800F50D2B /* SDWebImageManager.m */; };
		3F88210D1D4CE22800F50D2B /* SDWebImagePrefetcher.m in Sources */ = {isa = PBXBuildFile; fileRef = 3F8820EF1D4CE22800F50D2B /* SDWebImagePrefetcher.m */; };
		3F88210E1D4CE22800F50D2B /* UIButton+WebCache.m in Sources */ = {isa = PBXBuildFile; fileRef = 3F8820F11D4CE22800F50D2B /* UIButton+WebCache.m */; };
		3F88210F1D4CE22800F50D2B /* UIImage+GIF.m in Sources */ = {isa = PBXBuildFile; fileRef = 3F8820F31D4CE22800F50D2B /* UIImage+GIF.m */; };
		3F8821101D4CE22800F50D2B /* UIImage+MultiFormat.m in Sources */ = {isa = PBXBuildFile; fileRef = 3F8820F51D4CE22800F50D2B /* UIImage+MultiFormat.m */; };
		3F8821111D4CE22800F50D2B /* UIImage+WebP.m in Sources */ = {isa = PBXBuildFile; fileRef = 3F8820F71D4CE22800F50D2B /* UIImage+WebP.m */; };
		3F8821121D4CE22800F50D2B /* UIImageView+HighlightedWebCache.m in Sources */ = {isa = PBXBuildFile; fileRef = 3F8820F91D4CE22800F50D2B /* UIImageView+HighlightedWebCache.m */; };
		3F8821131D4CE22800F50D2B /* UIImageView+WebCache.m in Sources */ = {isa = PBXBuildFile; fileRef = 3F8820FB1D4CE22800F50D2B /* UIImageView+WebCache.m */; };
		3F8821141D4CE22800F50D2B /* UIView+WebCacheOperation.m in Sources */ = {isa = PBXBuildFile; fileRef = 3F8820FD1D4CE22800F50D2B /* UIView+WebCacheOperation.m */; };
/* End PBXBuildFile section */

/* Begin PBXFileReference section */
		3F4CBC3C1D4CE6D2009B8D42 /* MJAppInfo.h */ = {isa = PBXFileReference; fileEncoding = 4; lastKnownFileType = sourcecode.c.h; path = MJAppInfo.h; sourceTree = "<group>"; };
		3F4CBC3D1D4CE6D2009B8D42 /* MJAppInfo.m */ = {isa = PBXFileReference; fileEncoding = 4; lastKnownFileType = sourcecode.c.objc; path = MJAppInfo.m; sourceTree = "<group>"; };
		3F8820B01D4CDD6F00F50D2B /* MJWebImageLoadDemo.app */ = {isa = PBXFileReference; explicitFileType = wrapper.application; includeInIndex = 0; path = MJWebImageLoadDemo.app; sourceTree = BUILT_PRODUCTS_DIR; };
		3F8820B41D4CDD6F00F50D2B /* main.m */ = {isa = PBXFileReference; lastKnownFileType = sourcecode.c.objc; path = main.m; sourceTree = "<group>"; };
		3F8820B61D4CDD6F00F50D2B /* AppDelegate.h */ = {isa = PBXFileReference; lastKnownFileType = sourcecode.c.h; path = AppDelegate.h; sourceTree = "<group>"; };
		3F8820B71D4CDD6F00F50D2B /* AppDelegate.m */ = {isa = PBXFileReference; lastKnownFileType = sourcecode.c.objc; path = AppDelegate.m; sourceTree = "<group>"; };
		3F8820B91D4CDD6F00F50D2B /* ViewController.h */ = {isa = PBXFileReference; lastKnownFileType = sourcecode.c.h; path = ViewController.h; sourceTree = "<group>"; };
		3F8820BA1D4CDD6F00F50D2B /* ViewController.m */ = {isa = PBXFileReference; lastKnownFileType = sourcecode.c.objc; path = ViewController.m; sourceTree = "<group>"; };
		3F8820BD1D4CDD6F00F50D2B /* Base */ = {isa = PBXFileReference; lastKnownFileType = file.storyboard; name = Base; path = Base.lproj/Main.storyboard; sourceTree = "<group>"; };
		3F8820BF1D4CDD6F00F50D2B /* Assets.xcassets */ = {isa = PBXFileReference; lastKnownFileType = folder.assetcatalog; path = Assets.xcassets; sourceTree = "<group>"; };
		3F8820C21D4CDD6F00F50D2B /* Base */ = {isa = PBXFileReference; lastKnownFileType = file.storyboard; name = Base; path = Base.lproj/LaunchScreen.storyboard; sourceTree = "<group>"; };
		3F8820C41D4CDD6F00F50D2B /* Info.plist */ = {isa = PBXFileReference; lastKnownFileType = text.plist.xml; path = Info.plist; sourceTree = "<group>"; };
		3F8820CB1D4CE22800F50D2B /* NSString+path.h */ = {isa = PBXFileReference; fileEncoding = 4; lastKnownFileType = sourcecode.c.h; path = "NSString+path.h"; sourceTree = "<group>"; };
		3F8820CC1D4CE22800F50D2B /* NSString+path.m */ = {isa = PBXFileReference; fileEncoding = 4; lastKnownFileType = sourcecode.c.objc; path = "NSString+path.m"; sourceTree = "<group>"; };
		3F8820CF1D4CE22800F50D2B /* AFHTTPSessionManager.h */ = {isa = PBXFileReference; fileEncoding = 4; lastKnownFileType = sourcecode.c.h; path = AFHTTPSessionManager.h; sourceTree = "<group>"; };
		3F8820D01D4CE22800F50D2B /* AFHTTPSessionManager.m */ = {isa = PBXFileReference; fileEncoding = 4; lastKnownFileType = sourcecode.c.objc; path = AFHTTPSessionManager.m; sourceTree = "<group>"; };
		3F8820D11D4CE22800F50D2B /* AFNetworking.h */ = {isa = PBXFileReference; fileEncoding = 4; lastKnownFileType = sourcecode.c.h; path = AFNetworking.h; sourceTree = "<group>"; };
		3F8820D21D4CE22800F50D2B /* AFNetworkReachabilityManager.h */ = {isa = PBXFileReference; fileEncoding = 4; lastKnownFileType = sourcecode.c.h; path = AFNetworkReachabilityManager.h; sourceTree = "<group>"; };
		3F8820D31D4CE22800F50D2B /* AFNetworkReachabilityManager.m */ = {isa = PBXFileReference; fileEncoding = 4; lastKnownFileType = sourcecode.c.objc; path = AFNetworkReachabilityManager.m; sourceTree = "<group>"; };
		3F8820D41D4CE22800F50D2B /* AFSecurityPolicy.h */ = {isa = PBXFileReference; fileEncoding = 4; lastKnownFileType = sourcecode.c.h; path = AFSecurityPolicy.h; sourceTree = "<group>"; };
		3F8820D51D4CE22800F50D2B /* AFSecurityPolicy.m */ = {isa = PBXFileReference; fileEncoding = 4; lastKnownFileType = sourcecode.c.objc; path = AFSecurityPolicy.m; sourceTree = "<group>"; };
		3F8820D61D4CE22800F50D2B /* AFURLRequestSerialization.h */ = {isa = PBXFileReference; fileEncoding = 4; lastKnownFileType = sourcecode.c.h; path = AFURLRequestSerialization.h; sourceTree = "<group>"; };
		3F8820D71D4CE22800F50D2B /* AFURLRequestSerialization.m */ = {isa = PBXFileReference; fileEncoding = 4; lastKnownFileType = sourcecode.c.objc; path = AFURLRequestSerialization.m; sourceTree = "<group>"; };
		3F8820D81D4CE22800F50D2B /* AFURLResponseSerialization.h */ = {isa = PBXFileReference; fileEncoding = 4; lastKnownFileType = sourcecode.c.h; path = AFURLResponseSerialization.h; sourceTree = "<group>"; };
		3F8820D91D4CE22800F50D2B /* AFURLResponseSerialization.m */ = {isa = PBXFileReference; fileEncoding = 4; lastKnownFileType = sourcecode.c.objc; path = AFURLResponseSerialization.m; sourceTree = "<group>"; };
		3F8820DA1D4CE22800F50D2B /* AFURLSessionManager.h */ = {isa = PBXFileReference; fileEncoding = 4; lastKnownFileType = sourcecode.c.h; path = AFURLSessionManager.h; sourceTree = "<group>"; };
		3F8820DB1D4CE22800F50D2B /* AFURLSessionManager.m */ = {isa = PBXFileReference; fileEncoding = 4; lastKnownFileType = sourcecode.c.objc; path = AFURLSessionManager.m; sourceTree = "<group>"; };
		3F8820DD1D4CE22800F50D2B /* MKAnnotationView+WebCache.h */ = {isa = PBXFileReference; fileEncoding = 4; lastKnownFileType = sourcecode.c.h; path = "MKAnnotationView+WebCache.h"; sourceTree = "<group>"; };
		3F8820DE1D4CE22800F50D2B /* MKAnnotationView+WebCache.m */ = {isa = PBXFileReference; fileEncoding = 4; lastKnownFileType = sourcecode.c.objc; path = "MKAnnotationView+WebCache.m"; sourceTree = "<group>"; };
		3F8820DF1D4CE22800F50D2B /* NSData+ImageContentType.h */ = {isa = PBXFileReference; fileEncoding = 4; lastKnownFileType = sourcecode.c.h; path = "NSData+ImageContentType.h"; sourceTree = "<group>"; };
		3F8820E01D4CE22800F50D2B /* NSData+ImageContentType.m */ = {isa = PBXFileReference; fileEncoding = 4; lastKnownFileType = sourcecode.c.objc; path = "NSData+ImageContentType.m"; sourceTree = "<group>"; };
		3F8820E11D4CE22800F50D2B /* SDImageCache.h */ = {isa = PBXFileReference; fileEncoding = 4; lastKnownFileType = sourcecode.c.h; path = SDImageCache.h; sourceTree = "<group>"; };
		3F8820E21D4CE22800F50D2B /* SDImageCache.m */ = {isa = PBXFileReference; fileEncoding = 4; lastKnownFileType = sourcecode.c.objc; path = SDImageCache.m; sourceTree = "<group>"; };
		3F8820E31D4CE22800F50D2B /* SDWebImageCompat.h */ = {isa = PBXFileReference; fileEncoding = 4; lastKnownFileType = sourcecode.c.h; path = SDWebImageCompat.h; sourceTree = "<group>"; };
		3F8820E41D4CE22800F50D2B /* SDWebImageCompat.m */ = {isa = PBXFileReference; fileEncoding = 4; lastKnownFileType = sourcecode.c.objc; path = SDWebImageCompat.m; sourceTree = "<group>"; };
		3F8820E51D4CE22800F50D2B /* SDWebImageDecoder.h */ = {isa = PBXFileReference; fileEncoding = 4; lastKnownFileType = sourcecode.c.h; path = SDWebImageDecoder.h; sourceTree = "<group>"; };
		3F8820E61D4CE22800F50D2B /* SDWebImageDecoder.m */ = {isa = PBXFileReference; fileEncoding = 4; lastKnownFileType = sourcecode.c.objc; path = SDWebImageDecoder.m; sourceTree = "<group>"; };
		3F8820E71D4CE22800F50D2B /* SDWebImageDownloader.h */ = {isa = PBXFileReference; fileEncoding = 4; lastKnownFileType = sourcecode.c.h; path = SDWebImageDownloader.h; sourceTree = "<group>"; };
		3F8820E81D4CE22800F50D2B /* SDWebImageDownloader.m */ = {isa = PBXFileReference; fileEncoding = 4; lastKnownFileType = sourcecode.c.objc; path = SDWebImageDownloader.m; sourceTree = "<group>"; };
		3F8820E91D4CE22800F50D2B /* SDWebImageDownloaderOperation.h */ = {isa = PBXFileReference; fileEncoding = 4; lastKnownFileType = sourcecode.c.h; path = SDWebImageDownloaderOperation.h; sourceTree = "<group>"; };
		3F8820EA1D4CE22800F50D2B /* SDWebImageDownloaderOperation.m */ = {isa = PBXFileReference; fileEncoding = 4; lastKnownFileType = sourcecode.c.objc; path = SDWebImageDownloaderOperation.m; sourceTree = "<group>"; };
		3F8820EB1D4CE22800F50D2B /* SDWebImageManager.h */ = {isa = PBXFileReference; fileEncoding = 4; lastKnownFileType = sourcecode.c.h; path = SDWebImageManager.h; sourceTree = "<group>"; };
		3F8820EC1D4CE22800F50D2B /* SDWebImageManager.m */ = {isa = PBXFileReference; fileEncoding = 4; lastKnownFileType = sourcecode.c.objc; path = SDWebImageManager.m; sourceTree = "<group>"; };
		3F8820ED1D4CE22800F50D2B /* SDWebImageOperation.h */ = {isa = PBXFileReference; fileEncoding = 4; lastKnownFileType = sourcecode.c.h; path = SDWebImageOperation.h; sourceTree = "<group>"; };
		3F8820EE1D4CE22800F50D2B /* SDWebImagePrefetcher.h */ = {isa = PBXFileReference; fileEncoding = 4; lastKnownFileType = sourcecode.c.h; path = SDWebImagePrefetcher.h; sourceTree = "<group>"; };
		3F8820EF1D4CE22800F50D2B /* SDWebImagePrefetcher.m */ = {isa = PBXFileReference; fileEncoding = 4; lastKnownFileType = sourcecode.c.objc; path = SDWebImagePrefetcher.m; sourceTree = "<group>"; };
		3F8820F01D4CE22800F50D2B /* UIButton+WebCache.h */ = {isa = PBXFileReference; fileEncoding = 4; lastKnownFileType = sourcecode.c.h; path = "UIButton+WebCache.h"; sourceTree = "<group>"; };
		3F8820F11D4CE22800F50D2B /* UIButton+WebCache.m */ = {isa = PBXFileReference; fileEncoding = 4; lastKnownFileType = sourcecode.c.objc; path = "UIButton+WebCache.m"; sourceTree = "<group>"; };
		3F8820F21D4CE22800F50D2B /* UIImage+GIF.h */ = {isa = PBXFileReference; fileEncoding = 4; lastKnownFileType = sourcecode.c.h; path = "UIImage+GIF.h"; sourceTree = "<group>"; };
		3F8820F31D4CE22800F50D2B /* UIImage+GIF.m */ = {isa = PBXFileReference; fileEncoding = 4; lastKnownFileType = sourcecode.c.objc; path = "UIImage+GIF.m"; sourceTree = "<group>"; };
		3F8820F41D4CE22800F50D2B /* UIImage+MultiFormat.h */ = {isa = PBXFileReference; fileEncoding = 4; lastKnownFileType = sourcecode.c.h; path = "UIImage+MultiFormat.h"; sourceTree = "<group>"; };
		3F8820F51D4CE22800F50D2B /* UIImage+MultiFormat.m */ = {isa = PBXFileReference; fileEncoding = 4; lastKnownFileType = sourcecode.c.objc; path = "UIImage+MultiFormat.m"; sourceTree = "<group>"; };
		3F8820F61D4CE22800F50D2B /* UIImage+WebP.h */ = {isa = PBXFileReference; fileEncoding = 4; lastKnownFileType = sourcecode.c.h; path = "UIImage+WebP.h"; sourceTree = "<group>"; };
		3F8820F71D4CE22800F50D2B /* UIImage+WebP.m */ = {isa = PBXFileReference; fileEncoding = 4; lastKnownFileType = sourcecode.c.objc; path = "UIImage+WebP.m"; sourceTree = "<group>"; };
		3F8820F81D4CE22800F50D2B /* UIImageView+HighlightedWebCache.h */ = {isa = PBXFileReference; fileEncoding = 4; lastKnownFileType = sourcecode.c.h; path = "UIImageView+HighlightedWebCache.h"; sourceTree = "<group>"; };
		3F8820F91D4CE22800F50D2B /* UIImageView+HighlightedWebCache.m */ = {isa = PBXFileReference; fileEncoding = 4; lastKnownFileType = sourcecode.c.objc; path = "UIImageView+HighlightedWebCache.m"; sourceTree = "<group>"; };
		3F8820FA1D4CE22800F50D2B /* UIImageView+WebCache.h */ = {isa = PBXFileReference; fileEncoding = 4; lastKnownFileType = sourcecode.c.h; path = "UIImageView+WebCache.h"; sourceTree = "<group>"; };
		3F8820FB1D4CE22800F50D2B /* UIImageView+WebCache.m */ = {isa = PBXFileReference; fileEncoding = 4; lastKnownFileType = sourcecode.c.objc; path = "UIImageView+WebCache.m"; sourceTree = "<group>"; };
		3F8820FC1D4CE22800F50D2B /* UIView+WebCacheOperation.h */ = {isa = PBXFileReference; fileEncoding = 4; lastKnownFileType = sourcecode.c.h; path = "UIView+WebCacheOperation.h"; sourceTree = "<group>"; };
		3F8820FD1D4CE22800F50D2B /* UIView+WebCacheOperation.m */ = {isa = PBXFileReference; fileEncoding = 4; lastKnownFileType = sourcecode.c.objc; path = "UIView+WebCacheOperation.m"; sourceTree = "<group>"; };
/* End PBXFileReference section */

/* Begin PBXFrameworksBuildPhase section */
		3F8820AD1D4CDD6F00F50D2B /* Frameworks */ = {
			isa = PBXFrameworksBuildPhase;
			buildActionMask = 2147483647;
			files = (
			);
			runOnlyForDeploymentPostprocessing = 0;
		};
/* End PBXFrameworksBuildPhase section */

/* Begin PBXGroup section */
		3F8820A71D4CDD6F00F50D2B = {
			isa = PBXGroup;
			children = (
				3F8820B21D4CDD6F00F50D2B /* MJWebImageLoadDemo */,
				3F8820B11D4CDD6F00F50D2B /* Products */,
			);
			sourceTree = "<group>";
		};
		3F8820B11D4CDD6F00F50D2B /* Products */ = {
			isa = PBXGroup;
			children = (
				3F8820B01D4CDD6F00F50D2B /* MJWebImageLoadDemo.app */,
			);
			name = Products;
			sourceTree = "<group>";
		};
		3F8820B21D4CDD6F00F50D2B /* MJWebImageLoadDemo */ = {
			isa = PBXGroup;
			children = (
				3F8820CA1D4CE22800F50D2B /* CachePath */,
				3F8820CD1D4CE22800F50D2B /* ThirdLib */,
				3F8820B61D4CDD6F00F50D2B /* AppDelegate.h */,
				3F8820B71D4CDD6F00F50D2B /* AppDelegate.m */,
				3F8820B91D4CDD6F00F50D2B /* ViewController.h */,
				3F8820BA1D4CDD6F00F50D2B /* ViewController.m */,
				3F8820BC1D4CDD6F00F50D2B /* Main.storyboard */,
				3F8820BF1D4CDD6F00F50D2B /* Assets.xcassets */,
				3F8820C11D4CDD6F00F50D2B /* LaunchScreen.storyboard */,
				3F8820C41D4CDD6F00F50D2B /* Info.plist */,
				3F8820B31D4CDD6F00F50D2B /* Supporting Files */,
				3F4CBC3C1D4CE6D2009B8D42 /* MJAppInfo.h */,
				3F4CBC3D1D4CE6D2009B8D42 /* MJAppInfo.m */,
			);
			path = MJWebImageLoadDemo;
			sourceTree = "<group>";
		};
		3F8820B31D4CDD6F00F50D2B /* Supporting Files */ = {
			isa = PBXGroup;
			children = (
				3F8820B41D4CDD6F00F50D2B /* main.m */,
			);
			name = "Supporting Files";
			sourceTree = "<group>";
		};
		3F8820CA1D4CE22800F50D2B /* CachePath */ = {
			isa = PBXGroup;
			children = (
				3F8820CB1D4CE22800F50D2B /* NSString+path.h */,
				3F8820CC1D4CE22800F50D2B /* NSString+path.m */,
			);
			path = CachePath;
			sourceTree = "<group>";
		};
		3F8820CD1D4CE22800F50D2B /* ThirdLib */ = {
			isa = PBXGroup;
			children = (
				3F8820CE1D4CE22800F50D2B /* AFNetworking */,
				3F8820DC1D4CE22800F50D2B /* SDWebImage(注释) */,
			);
			path = ThirdLib;
			sourceTree = "<group>";
		};
		3F8820CE1D4CE22800F50D2B /* AFNetworking */ = {
			isa = PBXGroup;
			children = (
				3F8820CF1D4CE22800F50D2B /* AFHTTPSessionManager.h */,
				3F8820D01D4CE22800F50D2B /* AFHTTPSessionManager.m */,
				3F8820D11D4CE22800F50D2B /* AFNetworking.h */,
				3F8820D21D4CE22800F50D2B /* AFNetworkReachabilityManager.h */,
				3F8820D31D4CE22800F50D2B /* AFNetworkReachabilityManager.m */,
				3F8820D41D4CE22800F50D2B /* AFSecurityPolicy.h */,
				3F8820D51D4CE22800F50D2B /* AFSecurityPolicy.m */,
				3F8820D61D4CE22800F50D2B /* AFURLRequestSerialization.h */,
				3F8820D71D4CE22800F50D2B /* AFURLRequestSerialization.m */,
				3F8820D81D4CE22800F50D2B /* AFURLResponseSerialization.h */,
				3F8820D91D4CE22800F50D2B /* AFURLResponseSerialization.m */,
				3F8820DA1D4CE22800F50D2B /* AFURLSessionManager.h */,
				3F8820DB1D4CE22800F50D2B /* AFURLSessionManager.m */,
			);
			path = AFNetworking;
			sourceTree = "<group>";
		};
		3F8820DC1D4CE22800F50D2B /* SDWebImage(注释) */ = {
			isa = PBXGroup;
			children = (
				3F8820DD1D4CE22800F50D2B /* MKAnnotationView+WebCache.h */,
				3F8820DE1D4CE22800F50D2B /* MKAnnotationView+WebCache.m */,
				3F8820DF1D4CE22800F50D2B /* NSData+ImageContentType.h */,
				3F8820E01D4CE22800F50D2B /* NSData+ImageContentType.m */,
				3F8820E11D4CE22800F50D2B /* SDImageCache.h */,
				3F8820E21D4CE22800F50D2B /* SDImageCache.m */,
				3F8820E31D4CE22800F50D2B /* SDWebImageCompat.h */,
				3F8820E41D4CE22800F50D2B /* SDWebImageCompat.m */,
				3F8820E51D4CE22800F50D2B /* SDWebImageDecoder.h */,
				3F8820E61D4CE22800F50D2B /* SDWebImageDecoder.m */,
				3F8820E71D4CE22800F50D2B /* SDWebImageDownloader.h */,
				3F8820E81D4CE22800F50D2B /* SDWebImageDownloader.m */,
				3F8820E91D4CE22800F50D2B /* SDWebImageDownloaderOperation.h */,
				3F8820EA1D4CE22800F50D2B /* SDWebImageDownloaderOperation.m */,
				3F8820EB1D4CE22800F50D2B /* SDWebImageManager.h */,
				3F8820EC1D4CE22800F50D2B /* SDWebImageManager.m */,
				3F8820ED1D4CE22800F50D2B /* SDWebImageOperation.h */,
				3F8820EE1D4CE22800F50D2B /* SDWebImagePrefetcher.h */,
				3F8820EF1D4CE22800F50D2B /* SDWebImagePrefetcher.m */,
				3F8820F01D4CE22800F50D2B /* UIButton+WebCache.h */,
				3F8820F11D4CE22800F50D2B /* UIButton+WebCache.m */,
				3F8820F21D4CE22800F50D2B /* UIImage+GIF.h */,
				3F8820F31D4CE22800F50D2B /* UIImage+GIF.m */,
				3F8820F41D4CE22800F50D2B /* UIImage+MultiFormat.h */,
				3F8820F51D4CE22800F50D2B /* UIImage+MultiFormat.m */,
				3F8820F61D4CE22800F50D2B /* UIImage+WebP.h */,
				3F8820F71D4CE22800F50D2B /* UIImage+WebP.m */,
				3F8820F81D4CE22800F50D2B /* UIImageView+HighlightedWebCache.h */,
				3F8820F91D4CE22800F50D2B /* UIImageView+HighlightedWebCache.m */,
				3F8820FA1D4CE22800F50D2B /* UIImageView+WebCache.h */,
				3F8820FB1D4CE22800F50D2B /* UIImageView+WebCache.m */,
				3F8820FC1D4CE22800F50D2B /* UIView+WebCacheOperation.h */,
				3F8820FD1D4CE22800F50D2B /* UIView+WebCacheOperation.m */,
			);
			path = "SDWebImage(注释)";
			sourceTree = "<group>";
		};
/* End PBXGroup section */

/* Begin PBXNativeTarget section */
		3F8820AF1D4CDD6F00F50D2B /* MJWebImageLoadDemo */ = {
			isa = PBXNativeTarget;
			buildConfigurationList = 3F8820C71D4CDD6F00F50D2B /* Build configuration list for PBXNativeTarget "MJWebImageLoadDemo" */;
			buildPhases = (
				3F8820AC1D4CDD6F00F50D2B /* Sources */,
				3F8820AD1D4CDD6F00F50D2B /* Frameworks */,
				3F8820AE1D4CDD6F00F50D2B /* Resources */,
			);
			buildRules = (
			);
			dependencies = (
			);
			name = MJWebImageLoadDemo;
			productName = MJWebImageLoadDemo;
			productReference = 3F8820B01D4CDD6F00F50D2B /* MJWebImageLoadDemo.app */;
			productType = "com.apple.product-type.application";
		};
/* End PBXNativeTarget section */

/* Begin PBXProject section */
		3F8820A81D4CDD6F00F50D2B /* Project object */ = {
			isa = PBXProject;
			attributes = {
				CLASSPREFIX = MJ;
				LastUpgradeCheck = 0730;
				ORGANIZATIONNAME = kimi;
				TargetAttributes = {
					3F8820AF1D4CDD6F00F50D2B = {
						CreatedOnToolsVersion = 7.3.1;
					};
				};
			};
			buildConfigurationList = 3F8820AB1D4CDD6F00F50D2B /* Build configuration list for PBXProject "MJWebImageLoadDemo" */;
			compatibilityVersion = "Xcode 3.2";
			developmentRegion = English;
			hasScannedForEncodings = 0;
			knownRegions = (
				en,
				Base,
			);
			mainGroup = 3F8820A71D4CDD6F00F50D2B;
			productRefGroup = 3F8820B11D4CDD6F00F50D2B /* Products */;
			projectDirPath = "";
			projectRoot = "";
			targets = (
				3F8820AF1D4CDD6F00F50D2B /* MJWebImageLoadDemo */,
			);
		};
/* End PBXProject section */

/* Begin PBXResourcesBuildPhase section */
		3F8820AE1D4CDD6F00F50D2B /* Resources */ = {
			isa = PBXResourcesBuildPhase;
			buildActionMask = 2147483647;
			files = (
				3F8820C31D4CDD6F00F50D2B /* LaunchScreen.storyboard in Resources */,
				3F8820C01D4CDD6F00F50D2B /* Assets.xcassets in Resources */,
				3F8820BE1D4CDD6F00F50D2B /* Main.storyboard in Resources */,
			);
			runOnlyForDeploymentPostprocessing = 0;
		};
/* End PBXResourcesBuildPhase section */

/* Begin PBXSourcesBuildPhase section */
		3F8820AC1D4CDD6F00F50D2B /* Sources */ = {
			isa = PBXSourcesBuildPhase;
			buildActionMask = 2147483647;
			files = (
				3F8821011D4CE22800F50D2B /* AFSecurityPolicy.m in Sources */,
				3F8821051D4CE22800F50D2B /* MKAnnotationView+WebCache.m in Sources */,
				3F8821031D4CE22800F50D2B /* AFURLResponseSerialization.m in Sources */,
				3F88210D1D4CE22800F50D2B /* SDWebImagePrefetcher.m in Sources */,
				3F88210C1D4CE22800F50D2B /* SDWebImageManager.m in Sources */,
				3F8820BB1D4CDD6F00F50D2B /* ViewController.m in Sources */,
				3F8820B81D4CDD6F00F50D2B /* AppDelegate.m in Sources */,
				3F8821131D4CE22800F50D2B /* UIImageView+WebCache.m in Sources */,
				3F8821081D4CE22800F50D2B /* SDWebImageCompat.m in Sources */,
				3F8820FF1D4CE22800F50D2B /* AFHTTPSessionManager.m in Sources */,
				3F8821091D4CE22800F50D2B /* SDWebImageDecoder.m in Sources */,
				3F8821101D4CE22800F50D2B /* UIImage+MultiFormat.m in Sources */,
				3F8821111D4CE22800F50D2B /* UIImage+WebP.m in Sources */,
				3F88210B1D4CE22800F50D2B /* SDWebImageDownloaderOperation.m in Sources */,
				3F4CBC3E1D4CE6D2009B8D42 /* MJAppInfo.m in Sources */,
				3F8821141D4CE22800F50D2B /* UIView+WebCacheOperation.m in Sources */,
				3F88210A1D4CE22800F50D2B /* SDWebImageDownloader.m in Sources */,
				3F88210F1D4CE22800F50D2B /* UIImage+GIF.m in Sources */,
				3F8821041D4CE22800F50D2B /* AFURLSessionManager.m in Sources */,
				3F8820FE1D4CE22800F50D2B /* NSString+path.m in Sources */,
				3F8821001D4CE22800F50D2B /* AFNetworkReachabilityManager.m in Sources */,
				3F8821121D4CE22800F50D2B /* UIImageView+HighlightedWebCache.m in Sources */,
				3F8820B51D4CDD6F00F50D2B /* main.m in Sources */,
				3F8821071D4CE22800F50D2B /* SDImageCache.m in Sources */,
				3F88210E1D4CE22800F50D2B /* UIButton+WebCache.m in Sources */,
				3F8821061D4CE22800F50D2B /* NSData+ImageContentType.m in Sources */,
				3F8821021D4CE22800F50D2B /* AFURLRequestSerialization.m in Sources */,
			);
			runOnlyForDeploymentPostprocessing = 0;
		};
/* End PBXSourcesBuildPhase section */

/* Begin PBXVariantGroup section */
		3F8820BC1D4CDD6F00F50D2B /* Main.storyboard */ = {
			isa = PBXVariantGroup;
			children = (
				3F8820BD1D4CDD6F00F50D2B /* Base */,
			);
			name = Main.storyboard;
			sourceTree = "<group>";
		};
		3F8820C11D4CDD6F00F50D2B /* LaunchScreen.storyboard */ = {
			isa = PBXVariantGroup;
			children = (
				3F8820C21D4CDD6F00F50D2B /* Base */,
			);
			name = LaunchScreen.storyboard;
			sourceTree = "<group>";
		};
/* End PBXVariantGroup section */

/* Begin XCBuildConfiguration section */
		3F8820C51D4CDD6F00F50D2B /* Debug */ = {
			isa = XCBuildConfiguration;
			buildSettings = {
				ALWAYS_SEARCH_USER_PATHS = NO;
				CLANG_ANALYZER_NONNULL = YES;
				CLANG_CXX_LANGUAGE_STANDARD = "gnu++0x";
				CLANG_CXX_LIBRARY = "libc++";
				CLANG_ENABLE_MODULES = YES;
				CLANG_ENABLE_OBJC_ARC = YES;
				CLANG_WARN_BOOL_CONVERSION = YES;
				CLANG_WARN_CONSTANT_CONVERSION = YES;
				CLANG_WARN_DIRECT_OBJC_ISA_USAGE = YES_ERROR;
				CLANG_WARN_EMPTY_BODY = YES;
				CLANG_WARN_ENUM_CONVERSION = YES;
				CLANG_WARN_INT_CONVERSION = YES;
				CLANG_WARN_OBJC_ROOT_CLASS = YES_ERROR;
				CLANG_WARN_UNREACHABLE_CODE = YES;
				CLANG_WARN__DUPLICATE_METHOD_MATCH = YES;
				"CODE_SIGN_IDENTITY[sdk=iphoneos*]" = "iPhone Developer";
				COPY_PHASE_STRIP = NO;
				DEBUG_INFORMATION_FORMAT = dwarf;
				ENABLE_STRICT_OBJC_MSGSEND = YES;
				ENABLE_TESTABILITY = YES;
				GCC_C_LANGUAGE_STANDARD = gnu99;
				GCC_DYNAMIC_NO_PIC = NO;
				GCC_NO_COMMON_BLOCKS = YES;
				GCC_OPTIMIZATION_LEVEL = 0;
				GCC_PREPROCESSOR_DEFINITIONS = (
					"DEBUG=1",
					"$(inherited)",
				);
				GCC_WARN_64_TO_32_BIT_CONVERSION = YES;
				GCC_WARN_ABOUT_RETURN_TYPE = YES_ERROR;
				GCC_WARN_UNDECLARED_SELECTOR = YES;
				GCC_WARN_UNINITIALIZED_AUTOS = YES_AGGRESSIVE;
				GCC_WARN_UNUSED_FUNCTION = YES;
				GCC_WARN_UNUSED_VARIABLE = YES;
				IPHONEOS_DEPLOYMENT_TARGET = 9.3;
				MTL_ENABLE_DEBUG_INFO = YES;
				ONLY_ACTIVE_ARCH = YES;
				SDKROOT = iphoneos;
			};
			name = Debug;
		};
		3F8820C61D4CDD6F00F50D2B /* Release */ = {
			isa = XCBuildConfiguration;
			buildSettings = {
				ALWAYS_SEARCH_USER_PATHS = NO;
				CLANG_ANALYZER_NONNULL = YES;
				CLANG_CXX_LANGUAGE_STANDARD = "gnu++0x";
				CLANG_CXX_LIBRARY = "libc++";
				CLANG_ENABLE_MODULES = YES;
				CLANG_ENABLE_OBJC_ARC = YES;
				CLANG_WARN_BOOL_CONVERSION = YES;
				CLANG_WARN_CONSTANT_CONVERSION = YES;
				CLANG_WARN_DIRECT_OBJC_ISA_USAGE = YES_ERROR;
				CLANG_WARN_EMPTY_BODY = YES;
				CLANG_WARN_ENUM_CONVERSION = YES;
				CLANG_WARN_INT_CONVERSION = YES;
				CLANG_WARN_OBJC_ROOT_CLASS = YES_ERROR;
				CLANG_WARN_UNREACHABLE_CODE = YES;
				CLANG_WARN__DUPLICATE_METHOD_MATCH = YES;
				"CODE_SIGN_IDENTITY[sdk=iphoneos*]" = "iPhone Developer";
				COPY_PHASE_STRIP = NO;
				DEBUG_INFORMATION_FORMAT = "dwarf-with-dsym";
				ENABLE_NS_ASSERTIONS = NO;
				ENABLE_STRICT_OBJC_MSGSEND = YES;
				GCC_C_LANGUAGE_STANDARD = gnu99;
				GCC_NO_COMMON_BLOCKS = YES;
				GCC_WARN_64_TO_32_BIT_CONVERSION = YES;
				GCC_WARN_ABOUT_RETURN_TYPE = YES_ERROR;
				GCC_WARN_UNDECLARED_SELECTOR = YES;
				GCC_WARN_UNINITIALIZED_AUTOS = YES_AGGRESSIVE;
				GCC_WARN_UNUSED_FUNCTION = YES;
				GCC_WARN_UNUSED_VARIABLE = YES;
				IPHONEOS_DEPLOYMENT_TARGET = 9.3;
				MTL_ENABLE_DEBUG_INFO = NO;
				SDKROOT = iphoneos;
				VALIDATE_PRODUCT = YES;
			};
			name = Release;
		};
		3F8820C81D4CDD6F00F50D2B /* Debug */ = {
			isa = XCBuildConfiguration;
			buildSettings = {
				ASSETCATALOG_COMPILER_APPICON_NAME = AppIcon;
				INFOPLIST_FILE = MJWebImageLoadDemo/Info.plist;
				LD_RUNPATH_SEARCH_PATHS = "$(inherited) @executable_path/Frameworks";
				PRODUCT_BUNDLE_IDENTIFIER = Kimi.cn.MJWebImageLoadDemo;
				PRODUCT_NAME = "$(TARGET_NAME)";
			};
			name = Debug;
		};
		3F8820C91D4CDD6F00F50D2B /* Release */ = {
			isa = XCBuildConfiguration;
			buildSettings = {
				ASSETCATALOG_COMPILER_APPICON_NAME = AppIcon;
				INFOPLIST_FILE = MJWebImageLoadDemo/Info.plist;
				LD_RUNPATH_SEARCH_PATHS = "$(inherited) @executable_path/Frameworks";
				PRODUCT_BUNDLE_IDENTIFIER = Kimi.cn.MJWebImageLoadDemo;
				PRODUCT_NAME = "$(TARGET_NAME)";
			};
			name = Release;
		};
/* End XCBuildConfiguration section */

/* Begin XCConfigurationList section */
		3F8820AB1D4CDD6F00F50D2B /* Build configuration list for PBXProject "MJWebImageLoadDemo" */ = {
			isa = XCConfigurationList;
			buildConfigurations = (
				3F8820C51D4CDD6F00F50D2B /* Debug */,
				3F8820C61D4CDD6F00F50D2B /* Release */,
			);
			defaultConfigurationIsVisible = 0;
			defaultConfigurationName = Release;
		};
		3F8820C71D4CDD6F00F50D2B /* Build configuration list for PBXNativeTarget "MJWebImageLoadDemo" */ = {
			isa = XCConfigurationList;
			buildConfigurations = (
				3F8820C81D4CDD6F00F50D2B /* Debug */,
				3F8820C91D4CDD6F00F50D2B /* Release */,
			);
			defaultConfigurationIsVisible = 0;
			defaultConfigurationName = Release;
		};
/* End XCConfigurationList section */
	};
	rootObject = 3F8820A81D4CDD6F00F50D2B /* Project object */;
}
